{
  "schema_version": 1,
  "candidate_state": "FROZEN",
  "frozen_at": "2026-10-03T21:31:42.225347+00:00",
  "logical_slot": "2026-10-04T04:30:00+07:00",
  "observed_at": "2026-10-03T21:31:41.239243+00:00",
  "run_id": "37155401115",
  "run_attempt": "1",
  "candidate_generation_id": "37155401115:1:f0351e35eb55c0a1",
  "publication_generation_id": null,
  "manifest_input_sha256": "8a906805f53842babaa293af2521702a93b3c63f810300d81d1741c1538dd9b6",
  "candidate_tree_sha256": "f0351e35eb55c0a1f6d44d4123e9601f4463df6271419fbe202700d107a412e9",
  "artifact_count": 57,
  "registry_fingerprint": "b219afeb4b330ffa2e06271d85fe62ed9ef7cef56b3ecd40788313ae27f4f20e",
  "registry_epoch": null,
  "registry_generated_at": null,
  "pruned_legacy_analytical_artifacts": [],
  "artifact_catalog_record_count": 56,
  "artifact_catalog_sha256": "d70af84a9a7b933e2b126429c706f0eaa3ac1c60c68945f77b998da0097edbac",
  "governance": {
    "post_freeze_mutation_fail_closed": true,
    "validator_read_only": true,
    "failed_candidate_must_not_be_promoted": true
  }
}
